
Microsoft Visual Studio Solution File, Format Version 12.00
# Visual Studio Version 17
VisualStudioVersion = 17.8.34525.116
MinimumVisualStudioVersion = 10.0.40219.1
Project("{9A19103F-16F7-4668-BE54-9A1E7A4F7556}") = "OverloadBankEditor", "OverloadBankEditor\OverloadBankEditor.csproj", "{0E0F80C4-E379-49AD-927D-52730BD0248E}"
EndProject
Project("{9A19103F-16F7-4668-BE54-9A1E7A4F7556}") = "Logic.Interfaces", "Logic.Interfaces\Logic.Interfaces.csproj", "{827FC0D3-D648-4197-AE26-0FE5B644E377}"
EndProject
Project("{9A19103F-16F7-4668-BE54-9A1E7A4F7556}") = "Logic", "Logic\Logic.csproj", "{52755159-4A0B-4708-A836-5B4E78CB2E9A}"
EndProject
Project("{9A19103F-16F7-4668-BE54-9A1E7A4F7556}") = "Models", "Models\Models.csproj", "{858AD2B3-107A-4247-AC7B-A94DCA21ABE9}"
EndProject
Project("{C7167F0D-BC9F-4E6E-AFE1-012C56B48DB5}") = "BankEditorPackage", "BankEditorPackage\BankEditorPackage.wapproj", "{E0789982-B4E7-40D9-AAA0-2C92A6FA3C9C}"
EndProject
Global
	GlobalSection(SolutionConfigurationPlatforms) = preSolution
		Debug|Any CPU = Debug|Any CPU
		Debug|ARM = Debug|ARM
		Debug|ARM64 = Debug|ARM64
		Debug|x64 = Debug|x64
		Debug|x86 = Debug|x86
		Release|Any CPU = Release|Any CPU
		Release|ARM = Release|ARM
		Release|ARM64 = Release|ARM64
		Release|x64 = Release|x64
		Release|x86 = Release|x86
	EndGlobalSection
	GlobalSection(ProjectConfigurationPlatforms) = postSolution
		{0E0F80C4-E379-49AD-927D-52730BD0248E}.Debug|Any CPU.ActiveCfg = Debug|Any CPU
		{0E0F80C4-E379-49AD-927D-52730BD0248E}.Debug|Any CPU.Build.0 = Debug|Any CPU
		{0E0F80C4-E379-49AD-927D-52730BD0248E}.Debug|ARM.ActiveCfg = Debug|Any CPU
		{0E0F80C4-E379-49AD-927D-52730BD0248E}.Debug|ARM.Build.0 = Debug|Any CPU
		{0E0F80C4-E379-49AD-927D-52730BD0248E}.Debug|ARM64.ActiveCfg = Debug|Any CPU
		{0E0F80C4-E379-49AD-927D-52730BD0248E}.Debug|ARM64.Build.0 = Debug|Any CPU
		{0E0F80C4-E379-49AD-927D-52730BD0248E}.Debug|x64.ActiveCfg = Debug|Any CPU
		{0E0F80C4-E379-49AD-927D-52730BD0248E}.Debug|x64.Build.0 = Debug|Any CPU
		{0E0F80C4-E379-49AD-927D-52730BD0248E}.Debug|x86.ActiveCfg = Debug|Any CPU
		{0E0F80C4-E379-49AD-927D-52730BD0248E}.Debug|x86.Build.0 = Debug|Any CPU
		{0E0F80C4-E379-49AD-927D-52730BD0248E}.Release|Any CPU.ActiveCfg = Release|Any CPU
		{0E0F80C4-E379-49AD-927D-52730BD0248E}.Release|Any CPU.Build.0 = Release|Any CPU
		{0E0F80C4-E379-49AD-927D-52730BD0248E}.Release|ARM.ActiveCfg = Release|Any CPU
		{0E0F80C4-E379-49AD-927D-52730BD0248E}.Release|ARM.Build.0 = Release|Any CPU
		{0E0F80C4-E379-49AD-927D-52730BD0248E}.Release|ARM64.ActiveCfg = Release|Any CPU
		{0E0F80C4-E379-49AD-927D-52730BD0248E}.Release|ARM64.Build.0 = Release|Any CPU
		{0E0F80C4-E379-49AD-927D-52730BD0248E}.Release|x64.ActiveCfg = Release|x64
		{0E0F80C4-E379-49AD-927D-52730BD0248E}.Release|x64.Build.0 = Release|x64
		{0E0F80C4-E379-49AD-927D-52730BD0248E}.Release|x86.ActiveCfg = Release|Any CPU
		{0E0F80C4-E379-49AD-927D-52730BD0248E}.Release|x86.Build.0 = Release|Any CPU
		{827FC0D3-D648-4197-AE26-0FE5B644E377}.Debug|Any CPU.ActiveCfg = Debug|Any CPU
		{827FC0D3-D648-4197-AE26-0FE5B644E377}.Debug|Any CPU.Build.0 = Debug|Any CPU
		{827FC0D3-D648-4197-AE26-0FE5B644E377}.Debug|ARM.ActiveCfg = Debug|Any CPU
		{827FC0D3-D648-4197-AE26-0FE5B644E377}.Debug|ARM.Build.0 = Debug|Any CPU
		{827FC0D3-D648-4197-AE26-0FE5B644E377}.Debug|ARM64.ActiveCfg = Debug|Any CPU
		{827FC0D3-D648-4197-AE26-0FE5B644E377}.Debug|ARM64.Build.0 = Debug|Any CPU
		{827FC0D3-D648-4197-AE26-0FE5B644E377}.Debug|x64.ActiveCfg = Debug|Any CPU
		{827FC0D3-D648-4197-AE26-0FE5B644E377}.Debug|x64.Build.0 = Debug|Any CPU
		{827FC0D3-D648-4197-AE26-0FE5B644E377}.Debug|x86.ActiveCfg = Debug|Any CPU
		{827FC0D3-D648-4197-AE26-0FE5B644E377}.Debug|x86.Build.0 = Debug|Any CPU
		{827FC0D3-D648-4197-AE26-0FE5B644E377}.Release|Any CPU.ActiveCfg = Release|Any CPU
		{827FC0D3-D648-4197-AE26-0FE5B644E377}.Release|Any CPU.Build.0 = Release|Any CPU
		{827FC0D3-D648-4197-AE26-0FE5B644E377}.Release|ARM.ActiveCfg = Release|Any CPU
		{827FC0D3-D648-4197-AE26-0FE5B644E377}.Release|ARM.Build.0 = Release|Any CPU
		{827FC0D3-D648-4197-AE26-0FE5B644E377}.Release|ARM64.ActiveCfg = Release|Any CPU
		{827FC0D3-D648-4197-AE26-0FE5B644E377}.Release|ARM64.Build.0 = Release|Any CPU
		{827FC0D3-D648-4197-AE26-0FE5B644E377}.Release|x64.ActiveCfg = Release|Any CPU
		{827FC0D3-D648-4197-AE26-0FE5B644E377}.Release|x64.Build.0 = Release|Any CPU
		{827FC0D3-D648-4197-AE26-0FE5B644E377}.Release|x86.ActiveCfg = Release|Any CPU
		{827FC0D3-D648-4197-AE26-0FE5B644E377}.Release|x86.Build.0 = Release|Any CPU
		{52755159-4A0B-4708-A836-5B4E78CB2E9A}.Debug|Any CPU.ActiveCfg = Debug|Any CPU
		{52755159-4A0B-4708-A836-5B4E78CB2E9A}.Debug|Any CPU.Build.0 = Debug|Any CPU
		{52755159-4A0B-4708-A836-5B4E78CB2E9A}.Debug|ARM.ActiveCfg = Debug|Any CPU
		{52755159-4A0B-4708-A836-5B4E78CB2E9A}.Debug|ARM.Build.0 = Debug|Any CPU
		{52755159-4A0B-4708-A836-5B4E78CB2E9A}.Debug|ARM64.ActiveCfg = Debug|Any CPU
		{52755159-4A0B-4708-A836-5B4E78CB2E9A}.Debug|ARM64.Build.0 = Debug|Any CPU
		{52755159-4A0B-4708-A836-5B4E78CB2E9A}.Debug|x64.ActiveCfg = Debug|Any CPU
		{52755159-4A0B-4708-A836-5B4E78CB2E9A}.Debug|x64.Build.0 = Debug|Any CPU
		{52755159-4A0B-4708-A836-5B4E78CB2E9A}.Debug|x86.ActiveCfg = Debug|Any CPU
		{52755159-4A0B-4708-A836-5B4E78CB2E9A}.Debug|x86.Build.0 = Debug|Any CPU
		{52755159-4A0B-4708-A836-5B4E78CB2E9A}.Release|Any CPU.ActiveCfg = Release|Any CPU
		{52755159-4A0B-4708-A836-5B4E78CB2E9A}.Release|Any CPU.Build.0 = Release|Any CPU
		{52755159-4A0B-4708-A836-5B4E78CB2E9A}.Release|ARM.ActiveCfg = Release|Any CPU
		{52755159-4A0B-4708-A836-5B4E78CB2E9A}.Release|ARM.Build.0 = Release|Any CPU
		{52755159-4A0B-4708-A836-5B4E78CB2E9A}.Release|ARM64.ActiveCfg = Release|Any CPU
		{52755159-4A0B-4708-A836-5B4E78CB2E9A}.Release|ARM64.Build.0 = Release|Any CPU
		{52755159-4A0B-4708-A836-5B4E78CB2E9A}.Release|x64.ActiveCfg = Release|Any CPU
		{52755159-4A0B-4708-A836-5B4E78CB2E9A}.Release|x64.Build.0 = Release|Any CPU
		{52755159-4A0B-4708-A836-5B4E78CB2E9A}.Release|x86.ActiveCfg = Release|Any CPU
		{52755159-4A0B-4708-A836-5B4E78CB2E9A}.Release|x86.Build.0 = Release|Any CPU
		{858AD2B3-107A-4247-AC7B-A94DCA21ABE9}.Debug|Any CPU.ActiveCfg = Debug|Any CPU
		{858AD2B3-107A-4247-AC7B-A94DCA21ABE9}.Debug|Any CPU.Build.0 = Debug|Any CPU
		{858AD2B3-107A-4247-AC7B-A94DCA21ABE9}.Debug|ARM.ActiveCfg = Debug|Any CPU
		{858AD2B3-107A-4247-AC7B-A94DCA21ABE9}.Debug|ARM.Build.0 = Debug|Any CPU
		{858AD2B3-107A-4247-AC7B-A94DCA21ABE9}.Debug|ARM64.ActiveCfg = Debug|Any CPU
		{858AD2B3-107A-4247-AC7B-A94DCA21ABE9}.Debug|ARM64.Build.0 = Debug|Any CPU
		{858AD2B3-107A-4247-AC7B-A94DCA21ABE9}.Debug|x64.ActiveCfg = Debug|Any CPU
		{858AD2B3-107A-4247-AC7B-A94DCA21ABE9}.Debug|x64.Build.0 = Debug|Any CPU
		{858AD2B3-107A-4247-AC7B-A94DCA21ABE9}.Debug|x86.ActiveCfg = Debug|Any CPU
		{858AD2B3-107A-4247-AC7B-A94DCA21ABE9}.Debug|x86.Build.0 = Debug|Any CPU
		{858AD2B3-107A-4247-AC7B-A94DCA21ABE9}.Release|Any CPU.ActiveCfg = Release|Any CPU
		{858AD2B3-107A-4247-AC7B-A94DCA21ABE9}.Release|Any CPU.Build.0 = Release|Any CPU
		{858AD2B3-107A-4247-AC7B-A94DCA21ABE9}.Release|ARM.ActiveCfg = Release|Any CPU
		{858AD2B3-107A-4247-AC7B-A94DCA21ABE9}.Release|ARM.Build.0 = Release|Any CPU
		{858AD2B3-107A-4247-AC7B-A94DCA21ABE9}.Release|ARM64.ActiveCfg = Release|Any CPU
		{858AD2B3-107A-4247-AC7B-A94DCA21ABE9}.Release|ARM64.Build.0 = Release|Any CPU
		{858AD2B3-107A-4247-AC7B-A94DCA21ABE9}.Release|x64.ActiveCfg = Release|Any CPU
		{858AD2B3-107A-4247-AC7B-A94DCA21ABE9}.Release|x64.Build.0 = Release|Any CPU
		{858AD2B3-107A-4247-AC7B-A94DCA21ABE9}.Release|x86.ActiveCfg = Release|Any CPU
		{858AD2B3-107A-4247-AC7B-A94DCA21ABE9}.Release|x86.Build.0 = Release|Any CPU
		{E0789982-B4E7-40D9-AAA0-2C92A6FA3C9C}.Debug|Any CPU.ActiveCfg = Debug|Any CPU
		{E0789982-B4E7-40D9-AAA0-2C92A6FA3C9C}.Debug|Any CPU.Build.0 = Debug|Any CPU
		{E0789982-B4E7-40D9-AAA0-2C92A6FA3C9C}.Debug|Any CPU.Deploy.0 = Debug|Any CPU
		{E0789982-B4E7-40D9-AAA0-2C92A6FA3C9C}.Debug|ARM.ActiveCfg = Debug|ARM
		{E0789982-B4E7-40D9-AAA0-2C92A6FA3C9C}.Debug|ARM.Build.0 = Debug|ARM
		{E0789982-B4E7-40D9-AAA0-2C92A6FA3C9C}.Debug|ARM.Deploy.0 = Debug|ARM
		{E0789982-B4E7-40D9-AAA0-2C92A6FA3C9C}.Debug|ARM64.ActiveCfg = Debug|ARM64
		{E0789982-B4E7-40D9-AAA0-2C92A6FA3C9C}.Debug|ARM64.Build.0 = Debug|ARM64
		{E0789982-B4E7-40D9-AAA0-2C92A6FA3C9C}.Debug|ARM64.Deploy.0 = Debug|ARM64
		{E0789982-B4E7-40D9-AAA0-2C92A6FA3C9C}.Debug|x64.ActiveCfg = Debug|x64
		{E0789982-B4E7-40D9-AAA0-2C92A6FA3C9C}.Debug|x64.Build.0 = Debug|x64
		{E0789982-B4E7-40D9-AAA0-2C92A6FA3C9C}.Debug|x64.Deploy.0 = Debug|x64
		{E0789982-B4E7-40D9-AAA0-2C92A6FA3C9C}.Debug|x86.ActiveCfg = Debug|x86
		{E0789982-B4E7-40D9-AAA0-2C92A6FA3C9C}.Debug|x86.Build.0 = Debug|x86
		{E0789982-B4E7-40D9-AAA0-2C92A6FA3C9C}.Debug|x86.Deploy.0 = Debug|x86
		{E0789982-B4E7-40D9-AAA0-2C92A6FA3C9C}.Release|Any CPU.ActiveCfg = Release|Any CPU
		{E0789982-B4E7-40D9-AAA0-2C92A6FA3C9C}.Release|Any CPU.Build.0 = Release|Any CPU
		{E0789982-B4E7-40D9-AAA0-2C92A6FA3C9C}.Release|Any CPU.Deploy.0 = Release|Any CPU
		{E0789982-B4E7-40D9-AAA0-2C92A6FA3C9C}.Release|ARM.ActiveCfg = Release|ARM
		{E0789982-B4E7-40D9-AAA0-2C92A6FA3C9C}.Release|ARM.Build.0 = Release|ARM
		{E0789982-B4E7-40D9-AAA0-2C92A6FA3C9C}.Release|ARM.Deploy.0 = Release|ARM
		{E0789982-B4E7-40D9-AAA0-2C92A6FA3C9C}.Release|ARM64.ActiveCfg = Release|ARM64
		{E0789982-B4E7-40D9-AAA0-2C92A6FA3C9C}.Release|ARM64.Build.0 = Release|ARM64
		{E0789982-B4E7-40D9-AAA0-2C92A6FA3C9C}.Release|ARM64.Deploy.0 = Release|ARM64
		{E0789982-B4E7-40D9-AAA0-2C92A6FA3C9C}.Release|x64.ActiveCfg = Release|x64
		{E0789982-B4E7-40D9-AAA0-2C92A6FA3C9C}.Release|x64.Build.0 = Release|x64
		{E0789982-B4E7-40D9-AAA0-2C92A6FA3C9C}.Release|x64.Deploy.0 = Release|x64
		{E0789982-B4E7-40D9-AAA0-2C92A6FA3C9C}.Release|x86.ActiveCfg = Release|x86
		{E0789982-B4E7-40D9-AAA0-2C92A6FA3C9C}.Release|x86.Build.0 = Release|x86
		{E0789982-B4E7-40D9-AAA0-2C92A6FA3C9C}.Release|x86.Deploy.0 = Release|x86
	EndGlobalSection
	GlobalSection(SolutionProperties) = preSolution
		HideSolutionNode = FALSE
	EndGlobalSection
	GlobalSection(ExtensibilityGlobals) = postSolution
		SolutionGuid = {601EBF63-7D25-402D-896D-A925F5444F63}
	EndGlobalSection
EndGlobal
